
Microsoft Visual Studio Solution File, Format Version 12.00
# Visual Studio 15
VisualStudioVersion = 15.0.28307.421
MinimumVisualStudioVersion = 10.0.40219.1
Project("{FAE04EC0-301F-11D3-BF4B-00C04F79EFBC}") = "ExtensionMethodProject", "ExtensionMethodProject\ExtensionMethodProject.csproj", "{E486951E-C394-416B-BD1E-AB75F6DA5CB7}"
EndProject
Global
	GlobalSection(SolutionConfigurationPlatforms) = preSolution
		Debug|Any CPU = Debug|Any CPU
		Release|Any CPU = Release|Any CPU
	EndGlobalSection
	GlobalSection(ProjectConfigurationPlatforms) = postSolution
		{E486951E-C394-416B-BD1E-AB75F6DA5CB7}.Debug|Any CPU.ActiveCfg = Debug|Any CPU
		{E486951E-C394-416B-BD1E-AB75F6DA5CB7}.Debug|Any CPU.Build.0 = Debug|Any CPU
		{E486951E-C394-416B-BD1E-AB75F6DA5CB7}.Release|Any CPU.ActiveCfg = Release|Any CPU
		{E486951E-C394-416B-BD1E-AB75F6DA5CB7}.Release|Any CPU.Build.0 = Release|Any CPU
	EndGlobalSection
	GlobalSection(SolutionProperties) = preSolution
		HideSolutionNode = FALSE
	EndGlobalSection
	GlobalSection(ExtensibilityGlobals) = postSolution
		SolutionGuid = {2016BB81-3CBB-4A9F-BF17-511E0EE2BF5E}
	EndGlobalSection
EndGlobal
